
Microsoft Visual Studio Solution File, Format Version 12.00
# Visual Studio 15
VisualStudioVersion = 15.0.28307.489
MinimumVisualStudioVersion = 10.0.40219.1
Project("{FAE04EC0-301F-11D3-BF4B-00C04F79EFBC}") = "pr_pr_8", "pr_pr_8.csproj", "{17377B0F-E31D-4E42-B0A0-D9777C6A8B3C}"
EndProject
Global
	GlobalSection(SolutionConfigurationPlatforms) = preSolution
		Debug|Any CPU = Debug|Any CPU
		Release|Any CPU = Release|Any CPU
	EndGlobalSection
	GlobalSection(ProjectConfigurationPlatforms) = postSolution
		{17377B0F-E31D-4E42-B0A0-D9777C6A8B3C}.Debug|Any CPU.ActiveCfg = Debug|Any CPU
		{17377B0F-E31D-4E42-B0A0-D9777C6A8B3C}.Debug|Any CPU.Build.0 = Debug|Any CPU
		{17377B0F-E31D-4E42-B0A0-D9777C6A8B3C}.Release|Any CPU.ActiveCfg = Release|Any CPU
		{17377B0F-E31D-4E42-B0A0-D9777C6A8B3C}.Release|Any CPU.Build.0 = Release|Any CPU
	EndGlobalSection
	GlobalSection(SolutionProperties) = preSolution
		HideSolutionNode = FALSE
	EndGlobalSection
	GlobalSection(ExtensibilityGlobals) = postSolution
		SolutionGuid = {3CC2F1BB-0C56-422D-9EFB-51D12C0C6F15}
	EndGlobalSection
EndGlobal
